{
  "name": "mdn-browser-compat-toolkit",
  "version": "0.0.1",
  "lockfileVersion": 1,
  "requires": true,
  "dependencies": {
    "extend": {
      "version": "3.0.1",
      "resolved": "https://registry.npmjs.org/extend/-/extend-3.0.1.tgz",
      "integrity": "sha1-p1Xqe8Gt/MWjHOfnYtuq3F5jZEQ="
    },
    "mdn-browser-compat-data": {
      "version": "0.0.28",
      "resolved": "https://registry.npmjs.org/mdn-browser-compat-data/-/mdn-browser-compat-data-0.0.28.tgz",
      "integrity": "sha512-yjZWF8ZaQZW3ERoqkh1IqEKV/Jw1WA5SS7hh9EvR2jp68RN4QVJ+IV7dSehwklOMYYuYzhyWI9FgFNPrQWkTXQ==",
      "requires": {
        "extend": "3.0.1"
      }
    }
  }
}
